
Microsoft Visual Studio Solution File, Format Version 12.00
# Visual Studio 14
VisualStudioVersion = 14.0.25420.1
MinimumVisualStudioVersion = 10.0.40219.1
Project("{FAE04EC0-301F-11D3-BF4B-00C04F79EFBC}") = "quiz2", "quiz2\quiz2.csproj", "{D1A59D6E-F48E-46ED-838D-5E0AE5946ACB}"
EndProject
Global
	GlobalSection(SolutionConfigurationPlatforms) = preSolution
		Debug|Any CPU = Debug|Any CPU
		Release|Any CPU = Release|Any CPU
	EndGlobalSection
	GlobalSection(ProjectConfigurationPlatforms) = postSolution
		{D1A59D6E-F48E-46ED-838D-5E0AE5946ACB}.Debug|Any CPU.ActiveCfg = Debug|Any CPU
		{D1A59D6E-F48E-46ED-838D-5E0AE5946ACB}.Debug|Any CPU.Build.0 = Debug|Any CPU
		{D1A59D6E-F48E-46ED-838D-5E0AE5946ACB}.Release|Any CPU.ActiveCfg = Release|Any CPU
		{D1A59D6E-F48E-46ED-838D-5E0AE5946ACB}.Release|Any CPU.Build.0 = Release|Any CPU
	EndGlobalSection
	GlobalSection(SolutionProperties) = preSolution
		HideSolutionNode = FALSE
	EndGlobalSection
EndGlobal
